// !$*UTF8*$!
{
	archiveVersion = 1;
	classes = {
	};
	objectVersion = 46;
	objects = {

/* Begin PBXBuildFile section */
		79419B311A7FECC100B1FFBF /* main.m in Sources */ = {isa = PBXBuildFile; fileRef = 79419B301A7FECC100B1FFBF /* main.m */; };
		79419B341A7FECC100B1FFBF /* AppDelegate.m in Sources */ = {isa = PBXBuildFile; fileRef = 79419B331A7FECC100B1FFBF /* AppDelegate.m */; };
		79419B371A7FECC100B1FFBF /* ViewController.m in Sources */ = {isa = PBXBuildFile; fileRef = 79419B361A7FECC100B1FFBF /* ViewController.m */; };
		79419B3A1A7FECC200B1FFBF /* Main.storyboard in Resources */ = {isa = PBXBuildFile; fileRef = 79419B381A7FECC200B1FFBF /* Main.storyboard */; };
		79419B3C1A7FECC200B1FFBF /* Images.xcassets in Resources */ = {isa = PBXBuildFile; fileRef = 79419B3B1A7FECC200B1FFBF /* Images.xcassets */; };
		79419B3F1A7FECC200B1FFBF /* LaunchScreen.xib in Resources */ = {isa = PBXBuildFile; fileRef = 79419B3D1A7FECC200B1FFBF /* LaunchScreen.xib */; };
		79419B4B1A7FECC200B1FFBF /* LocationRemindersTests.m in Sources */ = {isa = PBXBuildFile; fileRef = 79419B4A1A7FECC200B1FFBF /* LocationRemindersTests.m */; };
/* End PBXBuildFile section */

/* Begin PBXContainerItemProxy section */
		79419B451A7FECC200B1FFBF /* PBXContainerItemProxy */ = {
			isa = PBXContainerItemProxy;
			containerPortal = 79419B231A7FECC100B1FFBF /* Project object */;
			proxyType = 1;
			remoteGlobalIDString = 79419B2A1A7FECC100B1FFBF;
			remoteInfo = LocationReminders;
		};
/* End PBXContainerItemProxy section */

/* Begin PBXFileReference section */
		79419B2B1A7FECC100B1FFBF /* LocationReminders.app */ = {isa = PBXFileReference; explicitFileType = wrapper.application; includeInIndex = 0; path = LocationReminders.app; sourceTree = BUILT_PRODUCTS_DIR; };
		79419B2F1A7FECC100B1FFBF /* Info.plist */ = {isa = PBXFileReference; lastKnownFileType = text.plist.xml; path = Info.plist; sourceTree = "<group>"; };
		79419B301A7FECC100B1FFBF /* main.m */ = {isa = PBXFileReference; lastKnownFileType = sourcecode.c.objc; path = main.m; sourceTree = "<group>"; };
		79419B321A7FECC100B1FFBF /* AppDelegate.h */ = {isa = PBXFileReference; lastKnownFileType = sourcecode.c.h; path = AppDelegate.h; sourceTree = "<group>"; };
		79419B331A7FECC100B1FFBF /* AppDelegate.m */ = {isa = PBXFileReference; lastKnownFileType = sourcecode.c.objc; path = AppDelegate.m; sourceTree = "<group>"; };
		79419B351A7FECC100B1FFBF /* ViewController.h */ = {isa = PBXFileReference; lastKnownFileType = sourcecode.c.h; path = ViewController.h; sourceTree = "<group>"; };
		79419B361A7FECC100B1FFBF /* ViewController.m */ = {isa = PBXFileReference; lastKnownFileType = sourcecode.c.objc; path = ViewController.m; sourceTree = "<group>"; };
		79419B391A7FECC200B1FFBF /* Base */ = {isa = PBXFileReference; lastKnownFileType = file.storyboard; name = Base; path = Base.lproj/Main.storyboard; sourceTree = "<group>"; };
		79419B3B1A7FECC200B1FFBF /* Images.xcassets */ = {isa = PBXFileReference; lastKnownFileType = folder.assetcatalog; path = Images.xcassets; sourceTree = "<group>"; };
		79419B3E1A7FECC200B1FFBF /* Base */ = {isa = PBXFileReference; lastKnownFileType = file.xib; name = Base; path = Base.lproj/LaunchScreen.xib; sourceTree = "<group>"; };
		79419B441A7FECC200B1FFBF /* LocationRemindersTests.xctest */ = {isa = PBXFileReference; explicitFileType = wrapper.cfbundle; includeInIndex = 0; path = LocationRemindersTests.xctest; sourceTree = BUILT_PRODUCTS_DIR; };
		79419B491A7FECC200B1FFBF /* Info.plist */ = {isa = PBXFileReference; lastKnownFileType = text.plist.xml; path = Info.plist; sourceTree = "<group>"; };
		79419B4A1A7FECC200B1FFBF /* LocationRemindersTests.m */ = {isa = PBXFileReference; lastKnownFileType = sourcecode.c.objc; path = LocationRemindersTests.m; sourceTree = "<group>"; };
/* End PBXFileReference section */

/* Begin PBXFrameworksBuildPhase section */
		79419B281A7FECC100B1FFBF /* Frameworks */ = {
			isa = PBXFrameworksBuildPhase;
			buildActionMask = 2147483647;
			files = (
			);
			runOnlyForDeploymentPostprocessing = 0;
		};
		79419B411A7FECC200B1FFBF /* Frameworks */ = {
			isa = PBXFrameworksBuildPhase;
			buildActionMask = 2147483647;
			files = (
			);
			runOnlyForDeploymentPostprocessing = 0;
		};
/* End PBXFrameworksBuildPhase section */

/* Begin PBXGroup section */
		79419B221A7FECC100B1FFBF = {
			isa = PBXGroup;
			children = (
				79419B2D1A7FECC100B1FFBF /* LocationReminders */,
				79419B471A7FECC200B1FFBF /* LocationRemindersTests */,
				79419B2C1A7FECC100B1FFBF /* Products */,
			);
			sourceTree = "<group>";
		};
		79419B2C1A7FECC100B1FFBF /* Products */ = {
			isa = PBXGroup;
			children = (
				79419B2B1A7FECC100B1FFBF /* LocationReminders.app */,
				79419B441A7FECC200B1FFBF /* LocationRemindersTests.xctest */,
			);
			name = Products;
			sourceTree = "<group>";
		};
		79419B2D1A7FECC100B1FFBF /* LocationReminders */ = {
			isa = PBXGroup;
			children = (
				79419B321A7FECC100B1FFBF /* AppDelegate.h */,
				79419B331A7FECC100B1FFBF /* AppDelegate.m */,
				79419B351A7FECC100B1FFBF /* ViewController.h */,
				79419B361A7FECC100B1FFBF /* ViewController.m */,
				79419B381A7FECC200B1FFBF /* Main.storyboard */,
				79419B3B1A7FECC200B1FFBF /* Images.xcassets */,
				79419B3D1A7FECC200B1FFBF /* LaunchScreen.xib */,
				79419B2E1A7FECC100B1FFBF /* Supporting Files */,
			);
			path = LocationReminders;
			sourceTree = "<group>";
		};
		79419B2E1A7FECC100B1FFBF /* Supporting Files */ = {
			isa = PBXGroup;
			children = (
				79419B2F1A7FECC100B1FFBF /* Info.plist */,
				79419B301A7FECC100B1FFBF /* main.m */,
			);
			name = "Supporting Files";
			sourceTree = "<group>";
		};
		79419B471A7FECC200B1FFBF /* LocationRemindersTests */ = {
			isa = PBXGroup;
			children = (
				79419B4A1A7FECC200B1FFBF /* LocationRemindersTests.m */,
				79419B481A7FECC200B1FFBF /* Supporting Files */,
			);
			path = LocationRemindersTests;
			sourceTree = "<group>";
		};
		79419B481A7FECC200B1FFBF /* Supporting Files */ = {
			isa = PBXGroup;
			children = (
				79419B491A7FECC200B1FFBF /* Info.plist */,
			);
			name = "Supporting Files";
			sourceTree = "<group>";
		};
/* End PBXGroup section */

/* Begin PBXNativeTarget section */
		79419B2A1A7FECC100B1FFBF /* LocationReminders */ = {
			isa = PBXNativeTarget;
			buildConfigurationList = 79419B4E1A7FECC200B1FFBF /* Build configuration list for PBXNativeTarget "LocationReminders" */;
			buildPhases = (
				79419B271A7FECC100B1FFBF /* Sources */,
				79419B281A7FECC100B1FFBF /* Frameworks */,
				79419B291A7FECC100B1FFBF /* Resources */,
			);
			buildRules = (
			);
			dependencies = (
			);
			name = LocationReminders;
			productName = LocationReminders;
			productReference = 79419B2B1A7FECC100B1FFBF /* LocationReminders.app */;
			productType = "com.apple.product-type.application";
		};
		79419B431A7FECC200B1FFBF /* LocationRemindersTests */ = {
			isa = PBXNativeTarget;
			buildConfigurationList = 79419B511A7FECC200B1FFBF /* Build configuration list for PBXNativeTarget "LocationRemindersTests" */;
			buildPhases = (
				79419B401A7FECC200B1FFBF /* Sources */,
				79419B411A7FECC200B1FFBF /* Frameworks */,
				79419B421A7FECC200B1FFBF /* Resources */,
			);
			buildRules = (
			);
			dependencies = (
				79419B461A7FECC200B1FFBF /* PBXTargetDependency */,
			);
			name = LocationRemindersTests;
			productName = LocationRemindersTests;
			productReference = 79419B441A7FECC200B1FFBF /* LocationRemindersTests.xctest */;
			productType = "com.apple.product-type.bundle.unit-test";
		};
/* End PBXNativeTarget section */

/* Begin PBXProject section */
		79419B231A7FECC100B1FFBF /* Project object */ = {
			isa = PBXProject;
			attributes = {
				LastUpgradeCheck = 0610;
				ORGANIZATIONNAME = "Up Early, LLC";
				TargetAttributes = {
					79419B2A1A7FECC100B1FFBF = {
						CreatedOnToolsVersion = 6.1.1;
					};
					79419B431A7FECC200B1FFBF = {
						CreatedOnToolsVersion = 6.1.1;
						TestTargetID = 79419B2A1A7FECC100B1FFBF;
					};
				};
			};
			buildConfigurationList = 79419B261A7FECC100B1FFBF /* Build configuration list for PBXProject "LocationReminders" */;
			compatibilityVersion = "Xcode 3.2";
			developmentRegion = English;
			hasScannedForEncodings = 0;
			knownRegions = (
				en,
				Base,
			);
			mainGroup = 79419B221A7FECC100B1FFBF;
			productRefGroup = 79419B2C1A7FECC100B1FFBF /* Products */;
			projectDirPath = "";
			projectRoot = "";
			targets = (
				79419B2A1A7FECC100B1FFBF /* LocationReminders */,
				79419B431A7FECC200B1FFBF /* LocationRemindersTests */,
			);
		};
/* End PBXProject section */

/* Begin PBXResourcesBuildPhase section */
		79419B291A7FECC100B1FFBF /* Resources */ = {
			isa = PBXResourcesBuildPhase;
			buildActionMask = 2147483647;
			files = (
				79419B3A1A7FECC200B1FFBF /* Main.storyboard in Resources */,
				79419B3F1A7FECC200B1FFBF /* LaunchScreen.xib in Resources */,
				79419B3C1A7FECC200B1FFBF /* Images.xcassets in Resources */,
			);
			runOnlyForDeploymentPostprocessing = 0;
		};
		79419B421A7FECC200B1FFBF /* Resources */ = {
			isa = PBXResourcesBuildPhase;
			buildActionMask = 2147483647;
			files = (
			);
			runOnlyForDeploymentPostprocessing = 0;
		};
/* End PBXResourcesBuildPhase section */

/* Begin PBXSourcesBuildPhase section */
		79419B271A7FECC100B1FFBF /* Sources */ = {
			isa = PBXSourcesBuildPhase;
			buildActionMask = 2147483647;
			files = (
				79419B371A7FECC100B1FFBF /* ViewController.m in Sources */,
				79419B341A7FECC100B1FFBF /* AppDelegate.m in Sources */,
				79419B311A7FECC100B1FFBF /* main.m in Sources */,
			);
			runOnlyForDeploymentPostprocessing = 0;
		};
		79419B401A7FECC200B1FFBF /* Sources */ = {
			isa = PBXSourcesBuildPhase;
			buildActionMask = 2147483647;
			files = (
				79419B4B1A7FECC200B1FFBF /* LocationRemindersTests.m in Sources */,
			);
			runOnlyForDeploymentPostprocessing = 0;
		};
/* End PBXSourcesBuildPhase section */

/* Begin PBXTargetDependency section */
		79419B461A7FECC200B1FFBF /* PBXTargetDependency */ = {
			isa = PBXTargetDependency;
			target = 79419B2A1A7FECC100B1FFBF /* LocationReminders */;
			targetProxy = 79419B451A7FECC200B1FFBF /* PBXContainerItemProxy */;
		};
/* End PBXTargetDependency section */

/* Begin PBXVariantGroup section */
		79419B381A7FECC200B1FFBF /* Main.storyboard */ = {
			isa = PBXVariantGroup;
			children = (
				79419B391A7FECC200B1FFBF /* Base */,
			);
			name = Main.storyboard;
			sourceTree = "<group>";
		};
		79419B3D1A7FECC200B1FFBF /* LaunchScreen.xib */ = {
			isa = PBXVariantGroup;
			children = (
				79419B3E1A7FECC200B1FFBF /* Base */,
			);
			name = LaunchScreen.xib;
			sourceTree = "<group>";
		};
/* End PBXVariantGroup section */

/* Begin XCBuildConfiguration section */
		79419B4C1A7FECC200B1FFBF /* Debug */ = {
			isa = XCBuildConfiguration;
			buildSettings = {
				ALWAYS_SEARCH_USER_PATHS = NO;
				CLANG_CXX_LANGUAGE_STANDARD = "gnu++0x";
				CLANG_CXX_LIBRARY = "libc++";
				CLANG_ENABLE_MODULES = YES;
				CLANG_ENABLE_OBJC_ARC = YES;
				CLANG_WARN_BOOL_CONVERSION = YES;
				CLANG_WARN_CONSTANT_CONVERSION = YES;
				CLANG_WARN_DIRECT_OBJC_ISA_USAGE = YES_ERROR;
				CLANG_WARN_EMPTY_BODY = YES;
				CLANG_WARN_ENUM_CONVERSION = YES;
				CLANG_WARN_INT_CONVERSION = YES;
				CLANG_WARN_OBJC_ROOT_CLASS = YES_ERROR;
				CLANG_WARN_UNREACHABLE_CODE = YES;
				CLANG_WARN__DUPLICATE_METHOD_MATCH = YES;
				"CODE_SIGN_IDENTITY[sdk=iphoneos*]" = "iPhone Developer";
				COPY_PHASE_STRIP = NO;
				ENABLE_STRICT_OBJC_MSGSEND = YES;
				GCC_C_LANGUAGE_STANDARD = gnu99;
				GCC_DYNAMIC_NO_PIC = NO;
				GCC_OPTIMIZATION_LEVEL = 0;
				GCC_PREPROCESSOR_DEFINITIONS = (
					"DEBUG=1",
					"$(inherited)",
				);
				GCC_SYMBOLS_PRIVATE_EXTERN = NO;
				GCC_WARN_64_TO_32_BIT_CONVERSION = YES;
				GCC_WARN_ABOUT_RETURN_TYPE = YES_ERROR;
				GCC_WARN_UNDECLARED_SELECTOR = YES;
				GCC_WARN_UNINITIALIZED_AUTOS = YES_AGGRESSIVE;
				GCC_WARN_UNUSED_FUNCTION = YES;
				GCC_WARN_UNUSED_VARIABLE = YES;
				IPHONEOS_DEPLOYMENT_TARGET = 8.1;
				MTL_ENABLE_DEBUG_INFO = YES;
				ONLY_ACTIVE_ARCH = YES;
				SDKROOT = iphoneos;
			};
			name = Debug;
		};
		79419B4D1A7FECC200B1FFBF /* Release */ = {
			isa = XCBuildConfiguration;
			buildSettings = {
				ALWAYS_SEARCH_USER_PATHS = NO;
				CLANG_CXX_LANGUAGE_STANDARD = "gnu++0x";
				CLANG_CXX_LIBRARY = "libc++";
				CLANG_ENABLE_MODULES = YES;
				CLANG_ENABLE_OBJC_ARC = YES;
				CLANG_WARN_BOOL_CONVERSION = YES;
				CLANG_WARN_CONSTANT_CONVERSION = YES;
				CLANG_WARN_DIRECT_OBJC_ISA_USAGE = YES_ERROR;
				CLANG_WARN_EMPTY_BODY = YES;
				CLANG_WARN_ENUM_CONVERSION = YES;
				CLANG_WARN_INT_CONVERSION = YES;
				CLANG_WARN_OBJC_ROOT_CLASS = YES_ERROR;
				CLANG_WARN_UNREACHABLE_CODE = YES;
				CLANG_WARN__DUPLICATE_METHOD_MATCH = YES;
				"CODE_SIGN_IDENTITY[sdk=iphoneos*]" = "iPhone Developer";
				COPY_PHASE_STRIP = YES;
				ENABLE_NS_ASSERTIONS = NO;
				ENABLE_STRICT_OBJC_MSGSEND = YES;
				GCC_C_LANGUAGE_STANDARD = gnu99;
				GCC_WARN_64_TO_32_BIT_CONVERSION = YES;
				GCC_WARN_ABOUT_RETURN_TYPE = YES_ERROR;
				GCC_WARN_UNDECLARED_SELECTOR = YES;
				GCC_WARN_UNINITIALIZED_AUTOS = YES_AGGRESSIVE;
				GCC_WARN_UNUSED_FUNCTION = YES;
				GCC_WARN_UNUSED_VARIABLE = YES;
				IPHONEOS_DEPLOYMENT_TARGET = 8.1;
				MTL_ENABLE_DEBUG_INFO = NO;
				SDKROOT = iphoneos;
				VALIDATE_PRODUCT = YES;
			};
			name = Release;
		};
		79419B4F1A7FECC200B1FFBF /* Debug */ = {
			isa = XCBuildConfiguration;
			buildSettings = {
				ASSETCATALOG_COMPILER_APPICON_NAME = AppIcon;
				INFOPLIST_FILE = LocationReminders/Info.plist;
				LD_RUNPATH_SEARCH_PATHS = "$(inherited) @executable_path/Frameworks";
				PRODUCT_NAME = "$(TARGET_NAME)";
			};
			name = Debug;
		};
		79419B501A7FECC200B1FFBF /* Release */ = {
			isa = XCBuildConfiguration;
			buildSettings = {
				ASSETCATALOG_COMPILER_APPICON_NAME = AppIcon;
				INFOPLIST_FILE = LocationReminders/Info.plist;
				LD_RUNPATH_SEARCH_PATHS = "$(inherited) @executable_path/Frameworks";
				PRODUCT_NAME = "$(TARGET_NAME)";
			};
			name = Release;
		};
		79419B521A7FECC200B1FFBF /* Debug */ = {
			isa = XCBuildConfiguration;
			buildSettings = {
				BUNDLE_LOADER = "$(TEST_HOST)";
				FRAMEWORK_SEARCH_PATHS = (
					"$(SDKROOT)/Developer/Library/Frameworks",
					"$(inherited)",
				);
				GCC_PREPROCESSOR_DEFINITIONS = (
					"DEBUG=1",
					"$(inherited)",
				);
				INFOPLIST_FILE = LocationRemindersTests/Info.plist;
				LD_RUNPATH_SEARCH_PATHS = "$(inherited) @executable_path/Frameworks @loader_path/Frameworks";
				PRODUCT_NAME = "$(TARGET_NAME)";
				TEST_HOST = "$(BUILT_PRODUCTS_DIR)/LocationReminders.app/LocationReminders";
			};
			name = Debug;
		};
		79419B531A7FECC200B1FFBF /* Release */ = {
			isa = XCBuildConfiguration;
			buildSettings = {
				BUNDLE_LOADER = "$(TEST_HOST)";
				FRAMEWORK_SEARCH_PATHS = (
					"$(SDKROOT)/Developer/Library/Frameworks",
					"$(inherited)",
				);
				INFOPLIST_FILE = LocationRemindersTests/Info.plist;
				LD_RUNPATH_SEARCH_PATHS = "$(inherited) @executable_path/Frameworks @loader_path/Frameworks";
				PRODUCT_NAME = "$(TARGET_NAME)";
				TEST_HOST = "$(BUILT_PRODUCTS_DIR)/LocationReminders.app/LocationReminders";
			};
			name = Release;
		};
/* End XCBuildConfiguration section */

/* Begin XCConfigurationList section */
		79419B261A7FECC100B1FFBF /* Build configuration list for PBXProject "LocationReminders" */ = {
			isa = XCConfigurationList;
			buildConfigurations = (
				79419B4C1A7FECC200B1FFBF /* Debug */,
				79419B4D1A7FECC200B1FFBF /* Release */,
			);
			defaultConfigurationIsVisible = 0;
			defaultConfigurationName = Release;
		};
		79419B4E1A7FECC200B1FFBF /* Build configuration list for PBXNativeTarget "LocationReminders" */ = {
			isa = XCConfigurationList;
			buildConfigurations = (
				79419B4F1A7FECC200B1FFBF /* Debug */,
				79419B501A7FECC200B1FFBF /* Release */,
			);
			defaultConfigurationIsVisible = 0;
		};
		79419B511A7FECC200B1FFBF /* Build configuration list for PBXNativeTarget "LocationRemindersTests" */ = {
			isa = XCConfigurationList;
			buildConfigurations = (
				79419B521A7FECC200B1FFBF /* Debug */,
				79419B531A7FECC200B1FFBF /* Release */,
			);
			defaultConfigurationIsVisible = 0;
		};
/* End XCConfigurationList section */
	};
	rootObject = 79419B231A7FECC100B1FFBF /* Project object */;
}
